// !$*UTF8*$!
{
	archiveVersion = 1;
	classes = {
	};
	objectVersion = 55;
	objects = {

/* Begin PBXBuildFile section */
		91BFD3FA28C33A450079A742 /* ProfileTableViewCell.swift in Sources */ = {isa = PBXBuildFile; fileRef = 91BFD3F928C33A450079A742 /* ProfileTableViewCell.swift */; };
		91DD915828BF86AE001D3209 /* AppDelegate.swift in Sources */ = {isa = PBXBuildFile; fileRef = 91DD915728BF86AE001D3209 /* AppDelegate.swift */; };
		91DD915A28BF86AE001D3209 /* SceneDelegate.swift in Sources */ = {isa = PBXBuildFile; fileRef = 91DD915928BF86AE001D3209 /* SceneDelegate.swift */; };
		91DD915C28BF86AE001D3209 /* ViewController.swift in Sources */ = {isa = PBXBuildFile; fileRef = 91DD915B28BF86AE001D3209 /* ViewController.swift */; };
		91DD916128BF86B2001D3209 /* Assets.xcassets in Resources */ = {isa = PBXBuildFile; fileRef = 91DD916028BF86B2001D3209 /* Assets.xcassets */; };
		91DD916D28BFA2DF001D3209 /* SnapKit in Frameworks */ = {isa = PBXBuildFile; productRef = 91DD916C28BFA2DF001D3209 /* SnapKit */; };
		91DD917328BFAB81001D3209 /* Model.swift in Sources */ = {isa = PBXBuildFile; fileRef = 91DD917228BFAB81001D3209 /* Model.swift */; };
		91DD917528BFB548001D3209 /* ProfileCustomTableViewCell.swift in Sources */ = {isa = PBXBuildFile; fileRef = 91DD917428BFB548001D3209 /* ProfileCustomTableViewCell.swift */; };
/* End PBXBuildFile section */

/* Begin PBXFileReference section */
		91BFD3F928C33A450079A742 /* ProfileTableViewCell.swift */ = {isa = PBXFileReference; lastKnownFileType = sourcecode.swift; path = ProfileTableViewCell.swift; sourceTree = "<group>"; };
		91DD915428BF86AE001D3209 /* SettingsScreen.app */ = {isa = PBXFileReference; explicitFileType = wrapper.application; includeInIndex = 0; path = SettingsScreen.app; sourceTree = BUILT_PRODUCTS_DIR; };
		91DD915728BF86AE001D3209 /* AppDelegate.swift */ = {isa = PBXFileReference; lastKnownFileType = sourcecode.swift; path = AppDelegate.swift; sourceTree = "<group>"; };
		91DD915928BF86AE001D3209 /* SceneDelegate.swift */ = {isa = PBXFileReference; lastKnownFileType = sourcecode.swift; path = SceneDelegate.swift; sourceTree = "<group>"; };
		91DD915B28BF86AE001D3209 /* ViewController.swift */ = {isa = PBXFileReference; lastKnownFileType = sourcecode.swift; path = ViewController.swift; sourceTree = "<group>"; };
		91DD916028BF86B2001D3209 /* Assets.xcassets */ = {isa = PBXFileReference; lastKnownFileType = folder.assetcatalog; path = Assets.xcassets; sourceTree = "<group>"; };
		91DD916528BF86B2001D3209 /* Info.plist */ = {isa = PBXFileReference; lastKnownFileType = text.plist.xml; path = Info.plist; sourceTree = "<group>"; };
		91DD917228BFAB81001D3209 /* Model.swift */ = {isa = PBXFileReference; lastKnownFileType = sourcecode.swift; path = Model.swift; sourceTree = "<group>"; };
		91DD917428BFB548001D3209 /* ProfileCustomTableViewCell.swift */ = {isa = PBXFileReference; lastKnownFileType = sourcecode.swift; path = ProfileCustomTableViewCell.swift; sourceTree = "<group>"; };
/* End PBXFileReference section */

/* Begin PBXFrameworksBuildPhase section */
		91DD915128BF86AE001D3209 /* Frameworks */ = {
			isa = PBXFrameworksBuildPhase;
			buildActionMask = 2147483647;
			files = (
				91DD916D28BFA2DF001D3209 /* SnapKit in Frameworks */,
			);
			runOnlyForDeploymentPostprocessing = 0;
		};
/* End PBXFrameworksBuildPhase section */

/* Begin PBXGroup section */
		91DD914B28BF86AE001D3209 = {
			isa = PBXGroup;
			children = (
				91DD915628BF86AE001D3209 /* SettingsScreen */,
				91DD915528BF86AE001D3209 /* Products */,
			);
			sourceTree = "<group>";
		};
		91DD915528BF86AE001D3209 /* Products */ = {
			isa = PBXGroup;
			children = (
				91DD915428BF86AE001D3209 /* SettingsScreen.app */,
			);
			name = Products;
			sourceTree = "<group>";
		};
		91DD915628BF86AE001D3209 /* SettingsScreen */ = {
			isa = PBXGroup;
			children = (
				91DD916F28BFA36C001D3209 /* Resources */,
				91DD916E28BFA331001D3209 /* App */,
			);
			path = SettingsScreen;
			sourceTree = "<group>";
		};
		91DD916E28BFA331001D3209 /* App */ = {
			isa = PBXGroup;
			children = (
				91DD915728BF86AE001D3209 /* AppDelegate.swift */,
				91DD915928BF86AE001D3209 /* SceneDelegate.swift */,
				91DD915B28BF86AE001D3209 /* ViewController.swift */,
				91DD917428BFB548001D3209 /* ProfileCustomTableViewCell.swift */,
				91DD917228BFAB81001D3209 /* Model.swift */,
				91BFD3F928C33A450079A742 /* ProfileTableViewCell.swift */,
			);
			path = App;
			sourceTree = "<group>";
		};
		91DD916F28BFA36C001D3209 /* Resources */ = {
			isa = PBXGroup;
			children = (
				91DD916028BF86B2001D3209 /* Assets.xcassets */,
				91DD917028BFA374001D3209 /* Configuration */,
			);
			path = Resources;
			sourceTree = "<group>";
		};
		91DD917028BFA374001D3209 /* Configuration */ = {
			isa = PBXGroup;
			children = (
				91DD916528BF86B2001D3209 /* Info.plist */,
			);
			path = Configuration;
			sourceTree = "<group>";
		};
/* End PBXGroup section */

/* Begin PBXNativeTarget section */
		91DD915328BF86AE001D3209 /* SettingsScreen */ = {
			isa = PBXNativeTarget;
			buildConfigurationList = 91DD916828BF86B2001D3209 /* Build configuration list for PBXNativeTarget "SettingsScreen" */;
			buildPhases = (
				91DD915028BF86AE001D3209 /* Sources */,
				91DD915128BF86AE001D3209 /* Frameworks */,
				91DD915228BF86AE001D3209 /* Resources */,
			);
			buildRules = (
			);
			dependencies = (
			);
			name = SettingsScreen;
			packageProductDependencies = (
				91DD916C28BFA2DF001D3209 /* SnapKit */,
			);
			productName = SettingsScreen;
			productReference = 91DD915428BF86AE001D3209 /* SettingsScreen.app */;
			productType = "com.apple.product-type.application";
		};
/* End PBXNativeTarget section */

/* Begin PBXProject section */
		91DD914C28BF86AE001D3209 /* Project object */ = {
			isa = PBXProject;
			attributes = {
				BuildIndependentTargetsInParallel = 1;
				LastSwiftUpdateCheck = 1340;
				LastUpgradeCheck = 1340;
				TargetAttributes = {
					91DD915328BF86AE001D3209 = {
						CreatedOnToolsVersion = 13.4.1;
					};
				};
			};
			buildConfigurationList = 91DD914F28BF86AE001D3209 /* Build configuration list for PBXProject "SettingsScreen" */;
			compatibilityVersion = "Xcode 13.0";
			developmentRegion = en;
			hasScannedForEncodings = 0;
			knownRegions = (
				en,
				Base,
			);
			mainGroup = 91DD914B28BF86AE001D3209;
			packageReferences = (
				91DD916B28BFA2DF001D3209 /* XCRemoteSwiftPackageReference "SnapKit" */,
			);
			productRefGroup = 91DD915528BF86AE001D3209 /* Products */;
			projectDirPath = "";
			projectRoot = "";
			targets = (
				91DD915328BF86AE001D3209 /* SettingsScreen */,
			);
		};
/* End PBXProject section */

/* Begin PBXResourcesBuildPhase section */
		91DD915228BF86AE001D3209 /* Resources */ = {
			isa = PBXResourcesBuildPhase;
			buildActionMask = 2147483647;
			files = (
				91DD916128BF86B2001D3209 /* Assets.xcassets in Resources */,
			);
			runOnlyForDeploymentPostprocessing = 0;
		};
/* End PBXResourcesBuildPhase section */

/* Begin PBXSourcesBuildPhase section */
		91DD915028BF86AE001D3209 /* Sources */ = {
			isa = PBXSourcesBuildPhase;
			buildActionMask = 2147483647;
			files = (
				91DD915C28BF86AE001D3209 /* ViewController.swift in Sources */,
				91DD915828BF86AE001D3209 /* AppDelegate.swift in Sources */,
				91DD917528BFB548001D3209 /* ProfileCustomTableViewCell.swift in Sources */,
				91BFD3FA28C33A450079A742 /* ProfileTableViewCell.swift in Sources */,
				91DD915A28BF86AE001D3209 /* SceneDelegate.swift in Sources */,
				91DD917328BFAB81001D3209 /* Model.swift in Sources */,
			);
			runOnlyForDeploymentPostprocessing = 0;
		};
/* End PBXSourcesBuildPhase section */

/* Begin XCBuildConfiguration section */
		91DD916628BF86B2001D3209 /* Debug */ = {
			isa = XCBuildConfiguration;
			buildSettings = {
				ALWAYS_SEARCH_USER_PATHS = NO;
				CLANG_ANALYZER_NONNULL = YES;
				CLANG_ANALYZER_NUMBER_OBJECT_CONVERSION = YES_AGGRESSIVE;
				CLANG_CXX_LANGUAGE_STANDARD = "gnu++17";
				CLANG_ENABLE_MODULES = YES;
				CLANG_ENABLE_OBJC_ARC = YES;
				CLANG_ENABLE_OBJC_WEAK = YES;
				CLANG_WARN_BLOCK_CAPTURE_AUTORELEASING = YES;
				CLANG_WARN_BOOL_CONVERSION = YES;
				CLANG_WARN_COMMA = YES;
				CLANG_WARN_CONSTANT_CONVERSION = YES;
				CLANG_WARN_DEPRECATED_OBJC_IMPLEMENTATIONS = YES;
				CLANG_WARN_DIRECT_OBJC_ISA_USAGE = YES_ERROR;
				CLANG_WARN_DOCUMENTATION_COMMENTS = YES;
				CLANG_WARN_EMPTY_BODY = YES;
				CLANG_WARN_ENUM_CONVERSION = YES;
				CLANG_WARN_INFINITE_RECURSION = YES;
				CLANG_WARN_INT_CONVERSION = YES;
				CLANG_WARN_NON_LITERAL_NULL_CONVERSION = YES;
				CLANG_WARN_OBJC_IMPLICIT_RETAIN_SELF = YES;
				CLANG_WARN_OBJC_LITERAL_CONVERSION = YES;
				CLANG_WARN_OBJC_ROOT_CLASS = YES_ERROR;
				CLANG_WARN_QUOTED_INCLUDE_IN_FRAMEWORK_HEADER = YES;
				CLANG_WARN_RANGE_LOOP_ANALYSIS = YES;
				CLANG_WARN_STRICT_PROTOTYPES = YES;
				CLANG_WARN_SUSPICIOUS_MOVE = YES;
				CLANG_WARN_UNGUARDED_AVAILABILITY = YES_AGGRESSIVE;
				CLANG_WARN_UNREACHABLE_CODE = YES;
				CLANG_WARN__DUPLICATE_METHOD_MATCH = YES;
				COPY_PHASE_STRIP = NO;
				DEBUG_INFORMATION_FORMAT = dwarf;
				ENABLE_STRICT_OBJC_MSGSEND = YES;
				ENABLE_TESTABILITY = YES;
				GCC_C_LANGUAGE_STANDARD = gnu11;
				GCC_DYNAMIC_NO_PIC = NO;
				GCC_NO_COMMON_BLOCKS = YES;
				GCC_OPTIMIZATION_LEVEL = 0;
				GCC_PREPROCESSOR_DEFINITIONS = (
					"DEBUG=1",
					"$(inherited)",
				);
				GCC_WARN_64_TO_32_BIT_CONVERSION = YES;
				GCC_WARN_ABOUT_RETURN_TYPE = YES_ERROR;
				GCC_WARN_UNDECLARED_SELECTOR = YES;
				GCC_WARN_UNINITIALIZED_AUTOS = YES_AGGRESSIVE;
				GCC_WARN_UNUSED_FUNCTION = YES;
				GCC_WARN_UNUSED_VARIABLE = YES;
				IPHONEOS_DEPLOYMENT_TARGET = 15.5;
				MTL_ENABLE_DEBUG_INFO = INCLUDE_SOURCE;
				MTL_FAST_MATH = YES;
				ONLY_ACTIVE_ARCH = YES;
				SDKROOT = iphoneos;
				SWIFT_ACTIVE_COMPILATION_CONDITIONS = DEBUG;
				SWIFT_OPTIMIZATION_LEVEL = "-Onone";
			};
			name = Debug;
		};
		91DD916728BF86B2001D3209 /* Release */ = {
			isa = XCBuildConfiguration;
			buildSettings = {
				ALWAYS_SEARCH_USER_PATHS = NO;
				CLANG_ANALYZER_NONNULL = YES;
				CLANG_ANALYZER_NUMBER_OBJECT_CONVERSION = YES_AGGRESSIVE;
				CLANG_CXX_LANGUAGE_STANDARD = "gnu++17";
				CLANG_ENABLE_MODULES = YES;
				CLANG_ENABLE_OBJC_ARC = YES;
				CLANG_ENABLE_OBJC_WEAK = YES;
				CLANG_WARN_BLOCK_CAPTURE_AUTORELEASING = YES;
				CLANG_WARN_BOOL_CONVERSION = YES;
				CLANG_WARN_COMMA = YES;
				CLANG_WARN_CONSTANT_CONVERSION = YES;
				CLANG_WARN_DEPRECATED_OBJC_IMPLEMENTATIONS = YES;
				CLANG_WARN_DIRECT_OBJC_ISA_USAGE = YES_ERROR;
				CLANG_WARN_DOCUMENTATION_COMMENTS = YES;
				CLANG_WARN_EMPTY_BODY = YES;
				CLANG_WARN_ENUM_CONVERSION = YES;
				CLANG_WARN_INFINITE_RECURSION = YES;
				CLANG_WARN_INT_CONVERSION = YES;
				CLANG_WARN_NON_LITERAL_NULL_CONVERSION = YES;
				CLANG_WARN_OBJC_IMPLICIT_RETAIN_SELF = YES;
				CLANG_WARN_OBJC_LITERAL_CONVERSION = YES;
				CLANG_WARN_OBJC_ROOT_CLASS = YES_ERROR;
				CLANG_WARN_QUOTED_INCLUDE_IN_FRAMEWORK_HEADER = YES;
				CLANG_WARN_RANGE_LOOP_ANALYSIS = YES;
				CLANG_WARN_STRICT_PROTOTYPES = YES;
				CLANG_WARN_SUSPICIOUS_MOVE = YES;
				CLANG_WARN_UNGUARDED_AVAILABILITY = YES_AGGRESSIVE;
				CLANG_WARN_UNREACHABLE_CODE = YES;
				CLANG_WARN__DUPLICATE_METHOD_MATCH = YES;
				COPY_PHASE_STRIP = NO;
				DEBUG_INFORMATION_FORMAT = "dwarf-with-dsym";
				ENABLE_NS_ASSERTIONS = NO;
				ENABLE_STRICT_OBJC_MSGSEND = YES;
				GCC_C_LANGUAGE_STANDARD = gnu11;
				GCC_NO_COMMON_BLOCKS = YES;
				GCC_WARN_64_TO_32_BIT_CONVERSION = YES;
				GCC_WARN_ABOUT_RETURN_TYPE = YES_ERROR;
				GCC_WARN_UNDECLARED_SELECTOR = YES;
				GCC_WARN_UNINITIALIZED_AUTOS = YES_AGGRESSIVE;
				GCC_WARN_UNUSED_FUNCTION = YES;
				GCC_WARN_UNUSED_VARIABLE = YES;
				IPHONEOS_DEPLOYMENT_TARGET = 15.5;
				MTL_ENABLE_DEBUG_INFO = NO;
				MTL_FAST_MATH = YES;
				SDKROOT = iphoneos;
				SWIFT_COMPILATION_MODE = wholemodule;
				SWIFT_OPTIMIZATION_LEVEL = "-O";
				VALIDATE_PRODUCT = YES;
			};
			name = Release;
		};
		91DD916928BF86B2001D3209 /* Debug */ = {
			isa = XCBuildConfiguration;
			buildSettings = {
				ASSETCATALOG_COMPILER_APPICON_NAME = AppIcon;
				ASSETCATALOG_COMPILER_GLOBAL_ACCENT_COLOR_NAME = AccentColor;
				CODE_SIGN_STYLE = Automatic;
				CURRENT_PROJECT_VERSION = 1;
				DEVELOPMENT_TEAM = 66ZXKDA6XW;
				GENERATE_INFOPLIST_FILE = YES;
				INFOPLIST_FILE = SettingsScreen/Resources/Configuration/Info.plist;
				INFOPLIST_KEY_UIApplicationSupportsIndirectInputEvents = YES;
				INFOPLIST_KEY_UILaunchStoryboardName = LaunchScreen;
				INFOPLIST_KEY_UISupportedInterfaceOrientations_iPad = "UIInterfaceOrientationPortrait UIInterfaceOrientationPortraitUpsideDown UIInterfaceOrientationLandscapeLeft UIInterfaceOrientationLandscapeRight";
				INFOPLIST_KEY_UISupportedInterfaceOrientations_iPhone = "UIInterfaceOrientationPortrait UIInterfaceOrientationLandscapeLeft UIInterfaceOrientationLandscapeRight";
				LD_RUNPATH_SEARCH_PATHS = (
					"$(inherited)",
					"@executable_path/Frameworks",
				);
				MARKETING_VERSION = 1.0;
				PRODUCT_BUNDLE_IDENTIFIER = LA.my.SettingsScreen;
				PRODUCT_NAME = "$(TARGET_NAME)";
				SWIFT_EMIT_LOC_STRINGS = YES;
				SWIFT_VERSION = 5.0;
				TARGETED_DEVICE_FAMILY = "1,2";
			};
			name = Debug;
		};
		91DD916A28BF86B2001D3209 /* Release */ = {
			isa = XCBuildConfiguration;
			buildSettings = {
				ASSETCATALOG_COMPILER_APPICON_NAME = AppIcon;
				ASSETCATALOG_COMPILER_GLOBAL_ACCENT_COLOR_NAME = AccentColor;
				CODE_SIGN_STYLE = Automatic;
				CURRENT_PROJECT_VERSION = 1;
				DEVELOPMENT_TEAM = 66ZXKDA6XW;
				GENERATE_INFOPLIST_FILE = YES;
				INFOPLIST_FILE = SettingsScreen/Resources/Configuration/Info.plist;
				INFOPLIST_KEY_UIApplicationSupportsIndirectInputEvents = YES;
				INFOPLIST_KEY_UILaunchStoryboardName = LaunchScreen;
				INFOPLIST_KEY_UISupportedInterfaceOrientations_iPad = "UIInterfaceOrientationPortrait UIInterfaceOrientationPortraitUpsideDown UIInterfaceOrientationLandscapeLeft UIInterfaceOrientationLandscapeRight";
				INFOPLIST_KEY_UISupportedInterfaceOrientations_iPhone = "UIInterfaceOrientationPortrait UIInterfaceOrientationLandscapeLeft UIInterfaceOrientationLandscapeRight";
				LD_RUNPATH_SEARCH_PATHS = (
					"$(inherited)",
					"@executable_path/Frameworks",
				);
				MARKETING_VERSION = 1.0;
				PRODUCT_BUNDLE_IDENTIFIER = LA.my.SettingsScreen;
				PRODUCT_NAME = "$(TARGET_NAME)";
				SWIFT_EMIT_LOC_STRINGS = YES;
				SWIFT_VERSION = 5.0;
				TARGETED_DEVICE_FAMILY = "1,2";
			};
			name = Release;
		};
/* End XCBuildConfiguration section */

/* Begin XCConfigurationList section */
		91DD914F28BF86AE001D3209 /* Build configuration list for PBXProject "SettingsScreen" */ = {
			isa = XCConfigurationList;
			buildConfigurations = (
				91DD916628BF86B2001D3209 /* Debug */,
				91DD916728BF86B2001D3209 /* Release */,
			);
			defaultConfigurationIsVisible = 0;
			defaultConfigurationName = Release;
		};
		91DD916828BF86B2001D3209 /* Build configuration list for PBXNativeTarget "SettingsScreen" */ = {
			isa = XCConfigurationList;
			buildConfigurations = (
				91DD916928BF86B2001D3209 /* Debug */,
				91DD916A28BF86B2001D3209 /* Release */,
			);
			defaultConfigurationIsVisible = 0;
			defaultConfigurationName = Release;
		};
/* End XCConfigurationList section */

/* Begin XCRemoteSwiftPackageReference section */
		91DD916B28BFA2DF001D3209 /* XCRemoteSwiftPackageReference "SnapKit" */ = {
			isa = XCRemoteSwiftPackageReference;
			repositoryURL = "https://github.com/SnapKit/SnapKit.git";
			requirement = {
				branch = develop;
				kind = branch;
			};
		};
/* End XCRemoteSwiftPackageReference section */

/* Begin XCSwiftPackageProductDependency section */
		91DD916C28BFA2DF001D3209 /* SnapKit */ = {
			isa = XCSwiftPackageProductDependency;
			package = 91DD916B28BFA2DF001D3209 /* XCRemoteSwiftPackageReference "SnapKit" */;
			productName = SnapKit;
		};
/* End XCSwiftPackageProductDependency section */
	};
	rootObject = 91DD914C28BF86AE001D3209 /* Project object */;
}
